# This file is generated by running "yarn install" inside your project.
# Manual changes might be lost - proceed with caution!

__metadata:
  version: 6
  cacheKey: 8

"blogdecafe@workspace:.":
  version: 0.0.0-use.local
  resolution: "blogdecafe@workspace:."
  dependencies:
    normalize.css: ^8.0.1
  languageName: unknown
  linkType: soft

"normalize.css@npm:^8.0.1":
  version: 8.0.1
  resolution: "normalize.css@npm:8.0.1"
  checksum: 4698cae88ec35e3f3e82f9f9402e6ffb906c27ccd6373cad88e6b3f5634fc7a043cb38702472299e5edb73825cf8b18d5fd9283f58829eddda79ea97453049a2
  languageName: node
  linkType: hard
